
Microsoft Visual Studio Solution File, Format Version 12.00
# Visual Studio Version 16
VisualStudioVersion = 16.0.29926.136
MinimumVisualStudioVersion = 10.0.40219.1
Project("{FAE04EC0-301F-11D3-BF4B-00C04F79EFBC}") = "ConsoleStreamUsing", "ConsoleStreamUsing.csproj", "{AA47F830-6C6B-41A5-BA56-87EF6AF5F03E}"
EndProject
Global
	GlobalSection(SolutionConfigurationPlatforms) = preSolution
		Debug|Any CPU = Debug|Any CPU
		Release|Any CPU = Release|Any CPU
	EndGlobalSection
	GlobalSection(ProjectConfigurationPlatforms) = postSolution
		{AA47F830-6C6B-41A5-BA56-87EF6AF5F03E}.Debug|Any CPU.ActiveCfg = Debug|Any CPU
		{AA47F830-6C6B-41A5-BA56-87EF6AF5F03E}.Debug|Any CPU.Build.0 = Debug|Any CPU
		{AA47F830-6C6B-41A5-BA56-87EF6AF5F03E}.Release|Any CPU.ActiveCfg = Release|Any CPU
		{AA47F830-6C6B-41A5-BA56-87EF6AF5F03E}.Release|Any CPU.Build.0 = Release|Any CPU
	EndGlobalSection
	GlobalSection(SolutionProperties) = preSolution
		HideSolutionNode = FALSE
	EndGlobalSection
	GlobalSection(ExtensibilityGlobals) = postSolution
		SolutionGuid = {B7BC3771-74F8-4255-AD5F-2793833FB0F2}
	EndGlobalSection
EndGlobal
